{
  "name": "@universal-agent-memory/openclaw-plugin",
  "version": "0.1.0",
  "lockfileVersion": 3,
  "requires": true,
  "packages": {
    "": {
      "name": "@universal-agent-memory/openclaw-plugin",
      "version": "0.1.0",
      "peerDependencies": {
        "openclaw": "*"
      },
      "peerDependenciesMeta": {
        "openclaw": {
          "optional": true
        }
      }
    }
  }
}
